
Microsoft Visual Studio Solution File, Format Version 12.00
# Visual Studio 14
VisualStudioVersion = 14.0.25420.1
MinimumVisualStudioVersion = 10.0.40219.1
Project("{FAE04EC0-301F-11D3-BF4B-00C04F79EFBC}") = "AutoCreatePs1", "AutoCreatePs1\AutoCreatePs1.csproj", "{8EE39D4A-4F5D-4BCA-9B62-715834503FBA}"
EndProject
Project("{FAE04EC0-301F-11D3-BF4B-00C04F79EFBC}") = "AutoCreatePPT", "AutoCreatePPT\AutoCreatePPT.csproj", "{8BD7E3CB-63E8-451A-8AAA-5FAAACD13DE2}"
EndProject
Project("{FAE04EC0-301F-11D3-BF4B-00C04F79EFBC}") = "ActiveDiretoryNew", "..\ActiveDiretoryNew\ActiveDiretoryNew\ActiveDiretoryNew.csproj", "{724425D4-DCB7-49F0-851D-7337E83F28AE}"
EndProject
Project("{FAE04EC0-301F-11D3-BF4B-00C04F79EFBC}") = "VAProjects", "VAProjects\VAProjects.csproj", "{D1E4D062-1AD8-4B29-BC64-0023B05A79B0}"
EndProject
Project("{FAE04EC0-301F-11D3-BF4B-00C04F79EFBC}") = "AuthTotalMyActions", "AuthTotalMyActions\AuthTotalMyActions.csproj", "{58996073-9F04-4532-B779-2838919D6703}"
EndProject
Project("{FAE04EC0-301F-11D3-BF4B-00C04F79EFBC}") = "CustomCurrentUserField", "..\..\CustomerCurrentUserField\CustomCurrentUserField.csproj", "{08D62B51-5C51-4964-B6FA-D4C567D3DF5D}"
EndProject
Project("{FAE04EC0-301F-11D3-BF4B-00C04F79EFBC}") = "ImportCorpus", "ImportCorpus\ImportCorpus.csproj", "{BE888B8A-3FAE-4511-97FD-2ED5C6D36FBD}"
EndProject
Global
	GlobalSection(SolutionConfigurationPlatforms) = preSolution
		ad|Any CPU = ad|Any CPU
		ad|Mixed Platforms = ad|Mixed Platforms
		ad|x64 = ad|x64
		ad|x86 = ad|x86
		CreatePs1|Any CPU = CreatePs1|Any CPU
		CreatePs1|Mixed Platforms = CreatePs1|Mixed Platforms
		CreatePs1|x64 = CreatePs1|x64
		CreatePs1|x86 = CreatePs1|x86
		Debug|Any CPU = Debug|Any CPU
		Debug|Mixed Platforms = Debug|Mixed Platforms
		Debug|x64 = Debug|x64
		Debug|x86 = Debug|x86
		Release|Any CPU = Release|Any CPU
		Release|Mixed Platforms = Release|Mixed Platforms
		Release|x64 = Release|x64
		Release|x86 = Release|x86
	EndGlobalSection
	GlobalSection(ProjectConfigurationPlatforms) = postSolution
		{8EE39D4A-4F5D-4BCA-9B62-715834503FBA}.ad|Any CPU.ActiveCfg = ad|Any CPU
		{8EE39D4A-4F5D-4BCA-9B62-715834503FBA}.ad|Mixed Platforms.ActiveCfg = ad|Any CPU
		{8EE39D4A-4F5D-4BCA-9B62-715834503FBA}.ad|Mixed Platforms.Build.0 = ad|Any CPU
		{8EE39D4A-4F5D-4BCA-9B62-715834503FBA}.ad|x64.ActiveCfg = ad|x64
		{8EE39D4A-4F5D-4BCA-9B62-715834503FBA}.ad|x64.Build.0 = ad|x64
		{8EE39D4A-4F5D-4BCA-9B62-715834503FBA}.ad|x86.ActiveCfg = ad|Any CPU
		{8EE39D4A-4F5D-4BCA-9B62-715834503FBA}.ad|x86.Build.0 = ad|Any CPU
		{8EE39D4A-4F5D-4BCA-9B62-715834503FBA}.CreatePs1|Any CPU.ActiveCfg = CreatePs1|Any CPU
		{8EE39D4A-4F5D-4BCA-9B62-715834503FBA}.CreatePs1|Any CPU.Build.0 = CreatePs1|Any CPU
		{8EE39D4A-4F5D-4BCA-9B62-715834503FBA}.CreatePs1|Mixed Platforms.ActiveCfg = CreatePs1|Any CPU
		{8EE39D4A-4F5D-4BCA-9B62-715834503FBA}.CreatePs1|Mixed Platforms.Build.0 = CreatePs1|Any CPU
		{8EE39D4A-4F5D-4BCA-9B62-715834503FBA}.CreatePs1|x64.ActiveCfg = CreatePs1|x64
		{8EE39D4A-4F5D-4BCA-9B62-715834503FBA}.CreatePs1|x64.Build.0 = CreatePs1|x64
		{8EE39D4A-4F5D-4BCA-9B62-715834503FBA}.CreatePs1|x86.ActiveCfg = CreatePs1|Any CPU
		{8EE39D4A-4F5D-4BCA-9B62-715834503FBA}.CreatePs1|x86.Build.0 = CreatePs1|Any CPU
		{8EE39D4A-4F5D-4BCA-9B62-715834503FBA}.Debug|Any CPU.ActiveCfg = Debug|Any CPU
		{8EE39D4A-4F5D-4BCA-9B62-715834503FBA}.Debug|Mixed Platforms.ActiveCfg = Debug|Any CPU
		{8EE39D4A-4F5D-4BCA-9B62-715834503FBA}.Debug|x64.ActiveCfg = Debug|Any CPU
		{8EE39D4A-4F5D-4BCA-9B62-715834503FBA}.Debug|x64.Build.0 = Debug|Any CPU
		{8EE39D4A-4F5D-4BCA-9B62-715834503FBA}.Debug|x86.ActiveCfg = Debug|x64
		{8EE39D4A-4F5D-4BCA-9B62-715834503FBA}.Debug|x86.Build.0 = Debug|x64
		{8EE39D4A-4F5D-4BCA-9B62-715834503FBA}.Release|Any CPU.ActiveCfg = Release|Any CPU
		{8EE39D4A-4F5D-4BCA-9B62-715834503FBA}.Release|Any CPU.Build.0 = Release|Any CPU
		{8EE39D4A-4F5D-4BCA-9B62-715834503FBA}.Release|Mixed Platforms.ActiveCfg = Release|Any CPU
		{8EE39D4A-4F5D-4BCA-9B62-715834503FBA}.Release|Mixed Platforms.Build.0 = Release|Any CPU
		{8EE39D4A-4F5D-4BCA-9B62-715834503FBA}.Release|x64.ActiveCfg = Release|x64
		{8EE39D4A-4F5D-4BCA-9B62-715834503FBA}.Release|x64.Build.0 = Release|x64
		{8EE39D4A-4F5D-4BCA-9B62-715834503FBA}.Release|x86.ActiveCfg = Release|Any CPU
		{8EE39D4A-4F5D-4BCA-9B62-715834503FBA}.Release|x86.Build.0 = Release|Any CPU
		{8BD7E3CB-63E8-451A-8AAA-5FAAACD13DE2}.ad|Any CPU.ActiveCfg = ad|Any CPU
		{8BD7E3CB-63E8-451A-8AAA-5FAAACD13DE2}.ad|Mixed Platforms.ActiveCfg = ad|Any CPU
		{8BD7E3CB-63E8-451A-8AAA-5FAAACD13DE2}.ad|Mixed Platforms.Build.0 = ad|Any CPU
		{8BD7E3CB-63E8-451A-8AAA-5FAAACD13DE2}.ad|x64.ActiveCfg = ad|x64
		{8BD7E3CB-63E8-451A-8AAA-5FAAACD13DE2}.ad|x64.Build.0 = ad|x64
		{8BD7E3CB-63E8-451A-8AAA-5FAAACD13DE2}.ad|x86.ActiveCfg = ad|Any CPU
		{8BD7E3CB-63E8-451A-8AAA-5FAAACD13DE2}.ad|x86.Build.0 = ad|Any CPU
		{8BD7E3CB-63E8-451A-8AAA-5FAAACD13DE2}.CreatePs1|Any CPU.ActiveCfg = CreatePs1|Any CPU
		{8BD7E3CB-63E8-451A-8AAA-5FAAACD13DE2}.CreatePs1|Mixed Platforms.ActiveCfg = CreatePs1|Any CPU
		{8BD7E3CB-63E8-451A-8AAA-5FAAACD13DE2}.CreatePs1|Mixed Platforms.Build.0 = CreatePs1|Any CPU
		{8BD7E3CB-63E8-451A-8AAA-5FAAACD13DE2}.CreatePs1|x64.ActiveCfg = CreatePs1|Any CPU
		{8BD7E3CB-63E8-451A-8AAA-5FAAACD13DE2}.CreatePs1|x86.ActiveCfg = CreatePs1|Any CPU
		{8BD7E3CB-63E8-451A-8AAA-5FAAACD13DE2}.CreatePs1|x86.Build.0 = CreatePs1|Any CPU
		{8BD7E3CB-63E8-451A-8AAA-5FAAACD13DE2}.Debug|Any CPU.ActiveCfg = Debug|Any CPU
		{8BD7E3CB-63E8-451A-8AAA-5FAAACD13DE2}.Debug|Mixed Platforms.ActiveCfg = Debug|Any CPU
		{8BD7E3CB-63E8-451A-8AAA-5FAAACD13DE2}.Debug|x64.ActiveCfg = Debug|x64
		{8BD7E3CB-63E8-451A-8AAA-5FAAACD13DE2}.Debug|x86.ActiveCfg = Debug|Any CPU
		{8BD7E3CB-63E8-451A-8AAA-5FAAACD13DE2}.Release|Any CPU.ActiveCfg = Release|Any CPU
		{8BD7E3CB-63E8-451A-8AAA-5FAAACD13DE2}.Release|Any CPU.Build.0 = Release|Any CPU
		{8BD7E3CB-63E8-451A-8AAA-5FAAACD13DE2}.Release|Mixed Platforms.ActiveCfg = Release|Any CPU
		{8BD7E3CB-63E8-451A-8AAA-5FAAACD13DE2}.Release|Mixed Platforms.Build.0 = Release|Any CPU
		{8BD7E3CB-63E8-451A-8AAA-5FAAACD13DE2}.Release|x64.ActiveCfg = Release|Any CPU
		{8BD7E3CB-63E8-451A-8AAA-5FAAACD13DE2}.Release|x86.ActiveCfg = Release|Any CPU
		{8BD7E3CB-63E8-451A-8AAA-5FAAACD13DE2}.Release|x86.Build.0 = Release|Any CPU
		{724425D4-DCB7-49F0-851D-7337E83F28AE}.ad|Any CPU.ActiveCfg = ad|x86
		{724425D4-DCB7-49F0-851D-7337E83F28AE}.ad|Any CPU.Build.0 = ad|x86
		{724425D4-DCB7-49F0-851D-7337E83F28AE}.ad|Mixed Platforms.ActiveCfg = ad|x86
		{724425D4-DCB7-49F0-851D-7337E83F28AE}.ad|Mixed Platforms.Build.0 = ad|x86
		{724425D4-DCB7-49F0-851D-7337E83F28AE}.ad|x64.ActiveCfg = ad|x64
		{724425D4-DCB7-49F0-851D-7337E83F28AE}.ad|x64.Build.0 = ad|x64
		{724425D4-DCB7-49F0-851D-7337E83F28AE}.ad|x86.ActiveCfg = ad|x86
		{724425D4-DCB7-49F0-851D-7337E83F28AE}.ad|x86.Build.0 = ad|x86
		{724425D4-DCB7-49F0-851D-7337E83F28AE}.CreatePs1|Any CPU.ActiveCfg = Release|Any CPU
		{724425D4-DCB7-49F0-851D-7337E83F28AE}.CreatePs1|Any CPU.Build.0 = Release|Any CPU
		{724425D4-DCB7-49F0-851D-7337E83F28AE}.CreatePs1|Mixed Platforms.ActiveCfg = Release|x86
		{724425D4-DCB7-49F0-851D-7337E83F28AE}.CreatePs1|Mixed Platforms.Build.0 = Release|x86
		{724425D4-DCB7-49F0-851D-7337E83F28AE}.CreatePs1|x64.ActiveCfg = Release|x64
		{724425D4-DCB7-49F0-851D-7337E83F28AE}.CreatePs1|x64.Build.0 = Release|x64
		{724425D4-DCB7-49F0-851D-7337E83F28AE}.CreatePs1|x86.ActiveCfg = Release|x86
		{724425D4-DCB7-49F0-851D-7337E83F28AE}.CreatePs1|x86.Build.0 = Release|x86
		{724425D4-DCB7-49F0-851D-7337E83F28AE}.Debug|Any CPU.ActiveCfg = Debug|x86
		{724425D4-DCB7-49F0-851D-7337E83F28AE}.Debug|Any CPU.Build.0 = Debug|x86
		{724425D4-DCB7-49F0-851D-7337E83F28AE}.Debug|Mixed Platforms.ActiveCfg = Debug|x86
		{724425D4-DCB7-49F0-851D-7337E83F28AE}.Debug|x64.ActiveCfg = Debug|x86
		{724425D4-DCB7-49F0-851D-7337E83F28AE}.Debug|x86.ActiveCfg = Debug|x86
		{724425D4-DCB7-49F0-851D-7337E83F28AE}.Release|Any CPU.ActiveCfg = Release|Any CPU
		{724425D4-DCB7-49F0-851D-7337E83F28AE}.Release|Any CPU.Build.0 = Release|Any CPU
		{724425D4-DCB7-49F0-851D-7337E83F28AE}.Release|Mixed Platforms.ActiveCfg = Release|x86
		{724425D4-DCB7-49F0-851D-7337E83F28AE}.Release|Mixed Platforms.Build.0 = Release|x86
		{724425D4-DCB7-49F0-851D-7337E83F28AE}.Release|x64.ActiveCfg = Release|x64
		{724425D4-DCB7-49F0-851D-7337E83F28AE}.Release|x64.Build.0 = Release|x64
		{724425D4-DCB7-49F0-851D-7337E83F28AE}.Release|x86.ActiveCfg = Release|x86
		{724425D4-DCB7-49F0-851D-7337E83F28AE}.Release|x86.Build.0 = Release|x86
		{D1E4D062-1AD8-4B29-BC64-0023B05A79B0}.ad|Any CPU.ActiveCfg = ad|Any CPU
		{D1E4D062-1AD8-4B29-BC64-0023B05A79B0}.ad|Mixed Platforms.ActiveCfg = ad|Any CPU
		{D1E4D062-1AD8-4B29-BC64-0023B05A79B0}.ad|Mixed Platforms.Build.0 = ad|Any CPU
		{D1E4D062-1AD8-4B29-BC64-0023B05A79B0}.ad|Mixed Platforms.Deploy.0 = ad|Any CPU
		{D1E4D062-1AD8-4B29-BC64-0023B05A79B0}.ad|x64.ActiveCfg = ad|Any CPU
		{D1E4D062-1AD8-4B29-BC64-0023B05A79B0}.ad|x64.Build.0 = ad|Any CPU
		{D1E4D062-1AD8-4B29-BC64-0023B05A79B0}.ad|x64.Deploy.0 = ad|Any CPU
		{D1E4D062-1AD8-4B29-BC64-0023B05A79B0}.ad|x86.ActiveCfg = ad|Any CPU
		{D1E4D062-1AD8-4B29-BC64-0023B05A79B0}.ad|x86.Build.0 = ad|Any CPU
		{D1E4D062-1AD8-4B29-BC64-0023B05A79B0}.ad|x86.Deploy.0 = ad|Any CPU
		{D1E4D062-1AD8-4B29-BC64-0023B05A79B0}.CreatePs1|Any CPU.ActiveCfg = Release|Any CPU
		{D1E4D062-1AD8-4B29-BC64-0023B05A79B0}.CreatePs1|Any CPU.Build.0 = Release|Any CPU
		{D1E4D062-1AD8-4B29-BC64-0023B05A79B0}.CreatePs1|Any CPU.Deploy.0 = Release|Any CPU
		{D1E4D062-1AD8-4B29-BC64-0023B05A79B0}.CreatePs1|Mixed Platforms.ActiveCfg = Release|Any CPU
		{D1E4D062-1AD8-4B29-BC64-0023B05A79B0}.CreatePs1|Mixed Platforms.Build.0 = Release|Any CPU
		{D1E4D062-1AD8-4B29-BC64-0023B05A79B0}.CreatePs1|Mixed Platforms.Deploy.0 = Release|Any CPU
		{D1E4D062-1AD8-4B29-BC64-0023B05A79B0}.CreatePs1|x64.ActiveCfg = Release|Any CPU
		{D1E4D062-1AD8-4B29-BC64-0023B05A79B0}.CreatePs1|x64.Build.0 = Release|Any CPU
		{D1E4D062-1AD8-4B29-BC64-0023B05A79B0}.CreatePs1|x64.Deploy.0 = Release|Any CPU
		{D1E4D062-1AD8-4B29-BC64-0023B05A79B0}.CreatePs1|x86.ActiveCfg = Release|Any CPU
		{D1E4D062-1AD8-4B29-BC64-0023B05A79B0}.CreatePs1|x86.Build.0 = Release|Any CPU
		{D1E4D062-1AD8-4B29-BC64-0023B05A79B0}.CreatePs1|x86.Deploy.0 = Release|Any CPU
		{D1E4D062-1AD8-4B29-BC64-0023B05A79B0}.Debug|Any CPU.ActiveCfg = Debug|Any CPU
		{D1E4D062-1AD8-4B29-BC64-0023B05A79B0}.Debug|Mixed Platforms.ActiveCfg = Debug|Any CPU
		{D1E4D062-1AD8-4B29-BC64-0023B05A79B0}.Debug|Mixed Platforms.Deploy.0 = Debug|Any CPU
		{D1E4D062-1AD8-4B29-BC64-0023B05A79B0}.Debug|x64.ActiveCfg = Debug|Any CPU
		{D1E4D062-1AD8-4B29-BC64-0023B05A79B0}.Debug|x86.ActiveCfg = Debug|Any CPU
		{D1E4D062-1AD8-4B29-BC64-0023B05A79B0}.Release|Any CPU.ActiveCfg = Release|Any CPU
		{D1E4D062-1AD8-4B29-BC64-0023B05A79B0}.Release|Any CPU.Build.0 = Release|Any CPU
		{D1E4D062-1AD8-4B29-BC64-0023B05A79B0}.Release|Any CPU.Deploy.0 = Release|Any CPU
		{D1E4D062-1AD8-4B29-BC64-0023B05A79B0}.Release|Mixed Platforms.ActiveCfg = Release|Any CPU
		{D1E4D062-1AD8-4B29-BC64-0023B05A79B0}.Release|Mixed Platforms.Build.0 = Release|Any CPU
		{D1E4D062-1AD8-4B29-BC64-0023B05A79B0}.Release|Mixed Platforms.Deploy.0 = Release|Any CPU
		{D1E4D062-1AD8-4B29-BC64-0023B05A79B0}.Release|x64.ActiveCfg = Release|Any CPU
		{D1E4D062-1AD8-4B29-BC64-0023B05A79B0}.Release|x64.Build.0 = Release|Any CPU
		{D1E4D062-1AD8-4B29-BC64-0023B05A79B0}.Release|x64.Deploy.0 = Release|Any CPU
		{D1E4D062-1AD8-4B29-BC64-0023B05A79B0}.Release|x86.ActiveCfg = Release|Any CPU
		{D1E4D062-1AD8-4B29-BC64-0023B05A79B0}.Release|x86.Build.0 = Release|Any CPU
		{D1E4D062-1AD8-4B29-BC64-0023B05A79B0}.Release|x86.Deploy.0 = Release|Any CPU
		{58996073-9F04-4532-B779-2838919D6703}.ad|Any CPU.ActiveCfg = ad|Any CPU
		{58996073-9F04-4532-B779-2838919D6703}.ad|Mixed Platforms.ActiveCfg = ad|Any CPU
		{58996073-9F04-4532-B779-2838919D6703}.ad|Mixed Platforms.Build.0 = ad|Any CPU
		{58996073-9F04-4532-B779-2838919D6703}.ad|x64.ActiveCfg = ad|x64
		{58996073-9F04-4532-B779-2838919D6703}.ad|x64.Build.0 = ad|x64
		{58996073-9F04-4532-B779-2838919D6703}.ad|x86.ActiveCfg = ad|Any CPU
		{58996073-9F04-4532-B779-2838919D6703}.ad|x86.Build.0 = ad|Any CPU
		{58996073-9F04-4532-B779-2838919D6703}.CreatePs1|Any CPU.ActiveCfg = Release|Any CPU
		{58996073-9F04-4532-B779-2838919D6703}.CreatePs1|Any CPU.Build.0 = Release|Any CPU
		{58996073-9F04-4532-B779-2838919D6703}.CreatePs1|Mixed Platforms.ActiveCfg = Release|Any CPU
		{58996073-9F04-4532-B779-2838919D6703}.CreatePs1|Mixed Platforms.Build.0 = Release|Any CPU
		{58996073-9F04-4532-B779-2838919D6703}.CreatePs1|x64.ActiveCfg = Release|Any CPU
		{58996073-9F04-4532-B779-2838919D6703}.CreatePs1|x64.Build.0 = Release|Any CPU
		{58996073-9F04-4532-B779-2838919D6703}.CreatePs1|x86.ActiveCfg = Release|Any CPU
		{58996073-9F04-4532-B779-2838919D6703}.CreatePs1|x86.Build.0 = Release|Any CPU
		{58996073-9F04-4532-B779-2838919D6703}.Debug|Any CPU.ActiveCfg = Debug|Any CPU
		{58996073-9F04-4532-B779-2838919D6703}.Debug|Mixed Platforms.ActiveCfg = Debug|Any CPU
		{58996073-9F04-4532-B779-2838919D6703}.Debug|Mixed Platforms.Build.0 = Debug|Any CPU
		{58996073-9F04-4532-B779-2838919D6703}.Debug|x64.ActiveCfg = Debug|x64
		{58996073-9F04-4532-B779-2838919D6703}.Debug|x86.ActiveCfg = Debug|Any CPU
		{58996073-9F04-4532-B779-2838919D6703}.Release|Any CPU.ActiveCfg = Release|Any CPU
		{58996073-9F04-4532-B779-2838919D6703}.Release|Any CPU.Build.0 = Release|Any CPU
		{58996073-9F04-4532-B779-2838919D6703}.Release|Mixed Platforms.ActiveCfg = Release|Any CPU
		{58996073-9F04-4532-B779-2838919D6703}.Release|Mixed Platforms.Build.0 = Release|Any CPU
		{58996073-9F04-4532-B779-2838919D6703}.Release|x64.ActiveCfg = Release|Any CPU
		{58996073-9F04-4532-B779-2838919D6703}.Release|x64.Build.0 = Release|Any CPU
		{58996073-9F04-4532-B779-2838919D6703}.Release|x86.ActiveCfg = Release|Any CPU
		{58996073-9F04-4532-B779-2838919D6703}.Release|x86.Build.0 = Release|Any CPU
		{08D62B51-5C51-4964-B6FA-D4C567D3DF5D}.ad|Any CPU.ActiveCfg = ad|Any CPU
		{08D62B51-5C51-4964-B6FA-D4C567D3DF5D}.ad|Mixed Platforms.ActiveCfg = ad|Any CPU
		{08D62B51-5C51-4964-B6FA-D4C567D3DF5D}.ad|Mixed Platforms.Build.0 = ad|Any CPU
		{08D62B51-5C51-4964-B6FA-D4C567D3DF5D}.ad|Mixed Platforms.Deploy.0 = ad|Any CPU
		{08D62B51-5C51-4964-B6FA-D4C567D3DF5D}.ad|x64.ActiveCfg = ad|Any CPU
		{08D62B51-5C51-4964-B6FA-D4C567D3DF5D}.ad|x64.Build.0 = ad|Any CPU
		{08D62B51-5C51-4964-B6FA-D4C567D3DF5D}.ad|x64.Deploy.0 = ad|Any CPU
		{08D62B51-5C51-4964-B6FA-D4C567D3DF5D}.ad|x86.ActiveCfg = ad|Any CPU
		{08D62B51-5C51-4964-B6FA-D4C567D3DF5D}.ad|x86.Build.0 = ad|Any CPU
		{08D62B51-5C51-4964-B6FA-D4C567D3DF5D}.ad|x86.Deploy.0 = ad|Any CPU
		{08D62B51-5C51-4964-B6FA-D4C567D3DF5D}.CreatePs1|Any CPU.ActiveCfg = Release|Any CPU
		{08D62B51-5C51-4964-B6FA-D4C567D3DF5D}.CreatePs1|Any CPU.Build.0 = Release|Any CPU
		{08D62B51-5C51-4964-B6FA-D4C567D3DF5D}.CreatePs1|Any CPU.Deploy.0 = Release|Any CPU
		{08D62B51-5C51-4964-B6FA-D4C567D3DF5D}.CreatePs1|Mixed Platforms.ActiveCfg = Release|Any CPU
		{08D62B51-5C51-4964-B6FA-D4C567D3DF5D}.CreatePs1|Mixed Platforms.Build.0 = Release|Any CPU
		{08D62B51-5C51-4964-B6FA-D4C567D3DF5D}.CreatePs1|Mixed Platforms.Deploy.0 = Release|Any CPU
		{08D62B51-5C51-4964-B6FA-D4C567D3DF5D}.CreatePs1|x64.ActiveCfg = Release|Any CPU
		{08D62B51-5C51-4964-B6FA-D4C567D3DF5D}.CreatePs1|x64.Build.0 = Release|Any CPU
		{08D62B51-5C51-4964-B6FA-D4C567D3DF5D}.CreatePs1|x64.Deploy.0 = Release|Any CPU
		{08D62B51-5C51-4964-B6FA-D4C567D3DF5D}.CreatePs1|x86.ActiveCfg = Release|Any CPU
		{08D62B51-5C51-4964-B6FA-D4C567D3DF5D}.CreatePs1|x86.Build.0 = Release|Any CPU
		{08D62B51-5C51-4964-B6FA-D4C567D3DF5D}.CreatePs1|x86.Deploy.0 = Release|Any CPU
		{08D62B51-5C51-4964-B6FA-D4C567D3DF5D}.Debug|Any CPU.ActiveCfg = Debug|Any CPU
		{08D62B51-5C51-4964-B6FA-D4C567D3DF5D}.Debug|Mixed Platforms.ActiveCfg = Debug|Any CPU
		{08D62B51-5C51-4964-B6FA-D4C567D3DF5D}.Debug|Mixed Platforms.Build.0 = Debug|Any CPU
		{08D62B51-5C51-4964-B6FA-D4C567D3DF5D}.Debug|Mixed Platforms.Deploy.0 = Debug|Any CPU
		{08D62B51-5C51-4964-B6FA-D4C567D3DF5D}.Debug|x64.ActiveCfg = Debug|Any CPU
		{08D62B51-5C51-4964-B6FA-D4C567D3DF5D}.Debug|x86.ActiveCfg = Debug|Any CPU
		{08D62B51-5C51-4964-B6FA-D4C567D3DF5D}.Release|Any CPU.ActiveCfg = Release|Any CPU
		{08D62B51-5C51-4964-B6FA-D4C567D3DF5D}.Release|Any CPU.Build.0 = Release|Any CPU
		{08D62B51-5C51-4964-B6FA-D4C567D3DF5D}.Release|Any CPU.Deploy.0 = Release|Any CPU
		{08D62B51-5C51-4964-B6FA-D4C567D3DF5D}.Release|Mixed Platforms.ActiveCfg = Release|Any CPU
		{08D62B51-5C51-4964-B6FA-D4C567D3DF5D}.Release|Mixed Platforms.Build.0 = Release|Any CPU
		{08D62B51-5C51-4964-B6FA-D4C567D3DF5D}.Release|Mixed Platforms.Deploy.0 = Release|Any CPU
		{08D62B51-5C51-4964-B6FA-D4C567D3DF5D}.Release|x64.ActiveCfg = Release|Any CPU
		{08D62B51-5C51-4964-B6FA-D4C567D3DF5D}.Release|x64.Build.0 = Release|Any CPU
		{08D62B51-5C51-4964-B6FA-D4C567D3DF5D}.Release|x64.Deploy.0 = Release|Any CPU
		{08D62B51-5C51-4964-B6FA-D4C567D3DF5D}.Release|x86.ActiveCfg = Release|Any CPU
		{08D62B51-5C51-4964-B6FA-D4C567D3DF5D}.Release|x86.Build.0 = Release|Any CPU
		{08D62B51-5C51-4964-B6FA-D4C567D3DF5D}.Release|x86.Deploy.0 = Release|Any CPU
		{BE888B8A-3FAE-4511-97FD-2ED5C6D36FBD}.ad|Any CPU.ActiveCfg = Release|Any CPU
		{BE888B8A-3FAE-4511-97FD-2ED5C6D36FBD}.ad|Any CPU.Build.0 = Release|Any CPU
		{BE888B8A-3FAE-4511-97FD-2ED5C6D36FBD}.ad|Mixed Platforms.ActiveCfg = Release|Any CPU
		{BE888B8A-3FAE-4511-97FD-2ED5C6D36FBD}.ad|Mixed Platforms.Build.0 = Release|Any CPU
		{BE888B8A-3FAE-4511-97FD-2ED5C6D36FBD}.ad|x64.ActiveCfg = Release|Any CPU
		{BE888B8A-3FAE-4511-97FD-2ED5C6D36FBD}.ad|x64.Build.0 = Release|Any CPU
		{BE888B8A-3FAE-4511-97FD-2ED5C6D36FBD}.ad|x86.ActiveCfg = Release|Any CPU
		{BE888B8A-3FAE-4511-97FD-2ED5C6D36FBD}.ad|x86.Build.0 = Release|Any CPU
		{BE888B8A-3FAE-4511-97FD-2ED5C6D36FBD}.CreatePs1|Any CPU.ActiveCfg = Release|Any CPU
		{BE888B8A-3FAE-4511-97FD-2ED5C6D36FBD}.CreatePs1|Any CPU.Build.0 = Release|Any CPU
		{BE888B8A-3FAE-4511-97FD-2ED5C6D36FBD}.CreatePs1|Mixed Platforms.ActiveCfg = Release|Any CPU
		{BE888B8A-3FAE-4511-97FD-2ED5C6D36FBD}.CreatePs1|Mixed Platforms.Build.0 = Release|Any CPU
		{BE888B8A-3FAE-4511-97FD-2ED5C6D36FBD}.CreatePs1|x64.ActiveCfg = Release|Any CPU
		{BE888B8A-3FAE-4511-97FD-2ED5C6D36FBD}.CreatePs1|x64.Build.0 = Release|Any CPU
		{BE888B8A-3FAE-4511-97FD-2ED5C6D36FBD}.CreatePs1|x86.ActiveCfg = Release|Any CPU
		{BE888B8A-3FAE-4511-97FD-2ED5C6D36FBD}.CreatePs1|x86.Build.0 = Release|Any CPU
		{BE888B8A-3FAE-4511-97FD-2ED5C6D36FBD}.Debug|Any CPU.ActiveCfg = Debug|Any CPU
		{BE888B8A-3FAE-4511-97FD-2ED5C6D36FBD}.Debug|Any CPU.Build.0 = Debug|Any CPU
		{BE888B8A-3FAE-4511-97FD-2ED5C6D36FBD}.Debug|Mixed Platforms.ActiveCfg = Debug|Any CPU
		{BE888B8A-3FAE-4511-97FD-2ED5C6D36FBD}.Debug|Mixed Platforms.Build.0 = Debug|Any CPU
		{BE888B8A-3FAE-4511-97FD-2ED5C6D36FBD}.Debug|x64.ActiveCfg = Debug|Any CPU
		{BE888B8A-3FAE-4511-97FD-2ED5C6D36FBD}.Debug|x64.Build.0 = Debug|Any CPU
		{BE888B8A-3FAE-4511-97FD-2ED5C6D36FBD}.Debug|x86.ActiveCfg = Debug|Any CPU
		{BE888B8A-3FAE-4511-97FD-2ED5C6D36FBD}.Debug|x86.Build.0 = Debug|Any CPU
		{BE888B8A-3FAE-4511-97FD-2ED5C6D36FBD}.Release|Any CPU.ActiveCfg = Release|Any CPU
		{BE888B8A-3FAE-4511-97FD-2ED5C6D36FBD}.Release|Any CPU.Build.0 = Release|Any CPU
		{BE888B8A-3FAE-4511-97FD-2ED5C6D36FBD}.Release|Mixed Platforms.ActiveCfg = Release|Any CPU
		{BE888B8A-3FAE-4511-97FD-2ED5C6D36FBD}.Release|Mixed Platforms.Build.0 = Release|Any CPU
		{BE888B8A-3FAE-4511-97FD-2ED5C6D36FBD}.Release|x64.ActiveCfg = Release|Any CPU
		{BE888B8A-3FAE-4511-97FD-2ED5C6D36FBD}.Release|x64.Build.0 = Release|Any CPU
		{BE888B8A-3FAE-4511-97FD-2ED5C6D36FBD}.Release|x86.ActiveCfg = Release|Any CPU
		{BE888B8A-3FAE-4511-97FD-2ED5C6D36FBD}.Release|x86.Build.0 = Release|Any CPU
	EndGlobalSection
	GlobalSection(SolutionProperties) = preSolution
		HideSolutionNode = FALSE
	EndGlobalSection
EndGlobal
